
Microsoft Visual Studio Solution File, Format Version 12.00
# Visual Studio 15
VisualStudioVersion = 15.0.27004.2009
MinimumVisualStudioVersion = 10.0.40219.1
Project("{8BC9CEB8-8B4A-11D0-8D11-00A0C91BC942}") = "lua53", "lua53.vcxproj", "{E0F5A7FD-A272-42AD-ACF2-2E33BCF56690}"
EndProject
Project("{8BC9CEB8-8B4A-11D0-8D11-00A0C91BC942}") = "luamake", "luamake.vcxproj", "{16E9C398-4C79-40A9-82AC-D5689CAA1EBB}"
EndProject
Global
	GlobalSection(SolutionConfigurationPlatforms) = preSolution
		Debug|Any CPU = Debug|Any CPU
		Debug|x64 = Debug|x64
		Debug|x86 = Debug|x86
		Release|Any CPU = Release|Any CPU
		Release|x64 = Release|x64
		Release|x86 = Release|x86
	EndGlobalSection
	GlobalSection(ProjectConfigurationPlatforms) = postSolution
		{E0F5A7FD-A272-42AD-ACF2-2E33BCF56690}.Debug|Any CPU.ActiveCfg = Debug|Win32
		{E0F5A7FD-A272-42AD-ACF2-2E33BCF56690}.Debug|x64.ActiveCfg = Debug|x64
		{E0F5A7FD-A272-42AD-ACF2-2E33BCF56690}.Debug|x64.Build.0 = Debug|x64
		{E0F5A7FD-A272-42AD-ACF2-2E33BCF56690}.Debug|x86.ActiveCfg = Debug|Win32
		{E0F5A7FD-A272-42AD-ACF2-2E33BCF56690}.Debug|x86.Build.0 = Debug|Win32
		{E0F5A7FD-A272-42AD-ACF2-2E33BCF56690}.Release|Any CPU.ActiveCfg = Release|Win32
		{E0F5A7FD-A272-42AD-ACF2-2E33BCF56690}.Release|x64.ActiveCfg = Release|x64
		{E0F5A7FD-A272-42AD-ACF2-2E33BCF56690}.Release|x64.Build.0 = Release|x64
		{E0F5A7FD-A272-42AD-ACF2-2E33BCF56690}.Release|x86.ActiveCfg = Release|Win32
		{E0F5A7FD-A272-42AD-ACF2-2E33BCF56690}.Release|x86.Build.0 = Release|Win32
		{16E9C398-4C79-40A9-82AC-D5689CAA1EBB}.Debug|Any CPU.ActiveCfg = Debug|Win32
		{16E9C398-4C79-40A9-82AC-D5689CAA1EBB}.Debug|x64.ActiveCfg = Debug|x64
		{16E9C398-4C79-40A9-82AC-D5689CAA1EBB}.Debug|x64.Build.0 = Debug|x64
		{16E9C398-4C79-40A9-82AC-D5689CAA1EBB}.Debug|x86.ActiveCfg = Debug|Win32
		{16E9C398-4C79-40A9-82AC-D5689CAA1EBB}.Debug|x86.Build.0 = Debug|Win32
		{16E9C398-4C79-40A9-82AC-D5689CAA1EBB}.Release|Any CPU.ActiveCfg = Release|Win32
		{16E9C398-4C79-40A9-82AC-D5689CAA1EBB}.Release|x64.ActiveCfg = Release|x64
		{16E9C398-4C79-40A9-82AC-D5689CAA1EBB}.Release|x64.Build.0 = Release|x64
		{16E9C398-4C79-40A9-82AC-D5689CAA1EBB}.Release|x86.ActiveCfg = Release|Win32
		{16E9C398-4C79-40A9-82AC-D5689CAA1EBB}.Release|x86.Build.0 = Release|Win32
	EndGlobalSection
	GlobalSection(SolutionProperties) = preSolution
		HideSolutionNode = FALSE
	EndGlobalSection
	GlobalSection(ExtensibilityGlobals) = postSolution
		SolutionGuid = {2041BFF1-C880-4F76-A7AC-3E8C683F1FE4}
	EndGlobalSection
EndGlobal
